{
  "lockfile_version": 1,
  "plugins": {
    "cursor/agent-discipline": "82f377f7fdd4405c85bf13996d9ed905e560a172913aebad3907fc6fa05cde07",
    "cursor/block-curl-pipe-sh": "cb3d81d125a18277df5db22db1e59c51f4d9d84950430bf6b5aa8ed3b1e30ab8",
    "cursor/block-destructive-commands": "6553d259a04b4a948bc0a6f7d26f547a67280f375738cde7a44a063a15acdc24",
    "cursor/block-invisible-unicode": "69bafeff426987059a63f427f6652b997dadcb86b9096f27c4487dffe9a0c11a",
    "cursor/block-no-verify": "e4406e5885974c764f6ba24ce3725dda3de64d80e4d45ef80fcb0b1b3b58e82a",
    "cursor/block-unapproved-egress": "6a6766f80a5cc69b52fa4e52523df3a94a5cf27251e11c2744990fd1cd19505a",
    "cursor/block-wildcard-agent-permissions": "63302d413346eacbf19af004d85867e51fb12cbcceaaf1ed2896e5e6a5b1d3d4",
    "cursor/chock-mise": "f9fa47a00a733908c44a3b65866f3ee637d0b76e4fdc897b07af5e366da5453a",
    "cursor/code-safety": "81f28caa91a20ec6f48fdcc5a6504dcc19ab3c546a447398e834fca8f0367881",
    "cursor/context-hygiene": "ede616833668967fa340433d726e061371ea32dbb40d48135e881a877fe2d13a",
    "cursor/git-safety": "cdb9bc54fd7ba71fef724edd5934ccfd1ef578459feb035f76146bd0b688d4db",
    "cursor/injection-defense": "e3932f253380d24d9188838c113eb25b141c7e18d735e69e1c0024883220d9a9",
    "cursor/memory-discipline": "a5e8140c293e3bae7520c5202ae778501bf2b216863a72fc809e3b6f273e362e",
    "cursor/pin-github-actions": "bdf880eaf6f7677238b38670c213fb3de824739b4f2d031fc56d0fc0b834883e",
    "cursor/protect-agent-config": "414c03333db29e709c989340f5bd89e1969abd00a9280569d333dc72670d806a",
    "cursor/protect-ci-workflows": "0e296ba46bc14243eddfd25048415f311b7bf7c989a2eb12efbf522b74ea183f",
    "cursor/protect-commit-privacy": "db7f60db0d5eb733478ca79fbf42e914cdfc5916eb4140d24514ac6c8a952e3e",
    "cursor/protect-main-branch": "675c941751b567805ef9187532bfa5ca7a52a823e19fc0431b2b39aa5cf60974",
    "cursor/scan-secrets": "69598b0b1728936c18d478686e3e5a02222d668321616885caadbaa69044f670",
    "cursor/token-efficiency": "77df57777db57b310c98df6bbc867ad53dcacdb32d80b0e1bf9ecc8e13ece594",
    "cursor/verify-dependency-exists": "b4892197cbc36c7dae1a4bf7071e62d706284348832b3c7ab23758ae4cd553ed",
    "docs/assets": "09315ff44b55bec05f304380b0491ebda5fe9c15affbb1fdc0a6e9ad2ab9308d"
  }
}
