{
  "lockfile_version": 1,
  "plugins": {
    "cursor/agent-discipline": "803ac80e12e1fda28e20e877dc7186862e6a3c58f54a4e96b45f79a34990ab70",
    "cursor/block-curl-pipe-sh": "d9f57a1152fa7130c9e12b50dc3ac3b66bb3cf4b590828d35b2af9cba188105c",
    "cursor/block-destructive-commands": "29b53fb9054344108eb3c748df068e3c14c362d08aa949dbbc77a34f139cbb5c",
    "cursor/block-invisible-unicode": "e241ddefae1b9a449506789bece576e97d8f59412565b3af3166eedd0eb3319a",
    "cursor/block-no-verify": "620baee70a96a509b2b700df4d43370455d62a5614670695d0b0b82894bfc647",
    "cursor/block-unapproved-egress": "198a4af1ce0a54d104151536830b436cbf57b524132eb49c610fa8d663d4944b",
    "cursor/block-wildcard-agent-permissions": "e4ffe9dab8d53120cae85da1a2e229b73f52da2dd2d91f6edf86ad24799fee17",
    "cursor/chock-mise": "8ce6211a0dcbe8119cbfea714e7dbb2103e512135c33e6d1d769311447f0a153",
    "cursor/code-safety": "9f0956b9b8ab0330615153f342b04e8d2bad3c7dc9db25d11438187edcca3a80",
    "cursor/context-hygiene": "4fad7e6a7a29d929a002913243928d270bb1dcdec4de4e052a3d63cb33a58beb",
    "cursor/firecrawl-fallback-only": "56fa068d7fee1dcdc50c61ece8d740b81189cd402edc3099b302e612c2af6575",
    "cursor/git-safety": "bb786983ab5b73d3fd62f54fd38e59dc1f65c844823d7180bfa50a8da5697a25",
    "cursor/injection-defense": "27f343f53131735f508fd7689e5c0de7c5300b4ff885a9278228fd64e2bfc4d6",
    "cursor/memory-discipline": "6389ed53af2d0aa79a5b97382f87966d2af2f4aaa09a8281d076dd5d4e36c814",
    "cursor/pin-github-actions": "b83d3cd00e4c632b7d82fe965d8e1a6d91710ac20029372a3f87919e663d1d23",
    "cursor/protect-agent-config": "59cc928ce298c750cc96e0bddf99e81dd3eb6568ffd21fee9267e452671d47f3",
    "cursor/protect-ci-workflows": "5e767bbcf87968fa514f0feb25155906ca7edc14027dba71c6124e18af6cb899",
    "cursor/protect-commit-privacy": "dce6ea20e0358662bfce2f73673c4ede714e0a2bccca01b5e2769da6b907bba6",
    "cursor/protect-main-branch": "2d01ed8cf4ec68e8d500285cb9e4a4ec37f0e40c27eabeb64c0911c1c1f06ade",
    "cursor/scan-secrets": "5f5ab3e7a6658132bc1e66b2960d9da3fc69646d68b0399af66b6c49edc4e967",
    "cursor/token-efficiency": "9102f17881e715f097a37f173e2b02106263f2d248ba83dea078c0a9189a8dc9",
    "cursor/verify-dependency-exists": "55379875d7b42835e0bca77ff0a6b61d06043a8471f7bf27f7ae46dfca150a8c",
    "cursor/verify-mcp-allowlist": "2eecea33a8ef439eb8663d7d678d579fda9556e2a4b431cf0ef58b1a6cfe2279",
    "docs/assets": "09315ff44b55bec05f304380b0491ebda5fe9c15affbb1fdc0a6e9ad2ab9308d"
  }
}
