{
  "lockfile_version": 1,
  "plugins": {
    "cursor/agent-discipline": "803ac80e12e1fda28e20e877dc7186862e6a3c58f54a4e96b45f79a34990ab70",
    "cursor/block-curl-pipe-sh": "1195fea35e793036a65088beebbb109af7e56b0f509a98becaefa2f29515e574",
    "cursor/block-destructive-commands": "fdd09357a2513dd1a7c781148fc43588fb582fceeb2290ffabf4846be646b38b",
    "cursor/block-invisible-unicode": "302f996536d69650ffe4cb754f3091f9f9e4266a1da97c0bb799c0b353b57c87",
    "cursor/block-no-verify": "6306148f4977a060b1741510d37020abcdcdce6267eca39749456669a158d8c4",
    "cursor/block-unapproved-egress": "6f22f2a51a38048ae5a51cd2d6e385dd5ec6d5dd5a322fbfb9cf86036e4f0aaf",
    "cursor/block-wildcard-agent-permissions": "320acea91f01645cbb071ce4e6e94d368474e8c2f765c9efaa4fa95ed6420694",
    "cursor/chock-mise": "8ce6211a0dcbe8119cbfea714e7dbb2103e512135c33e6d1d769311447f0a153",
    "cursor/code-safety": "9f0956b9b8ab0330615153f342b04e8d2bad3c7dc9db25d11438187edcca3a80",
    "cursor/context-hygiene": "4fad7e6a7a29d929a002913243928d270bb1dcdec4de4e052a3d63cb33a58beb",
    "cursor/firecrawl-fallback-only": "56fa068d7fee1dcdc50c61ece8d740b81189cd402edc3099b302e612c2af6575",
    "cursor/git-safety": "bb786983ab5b73d3fd62f54fd38e59dc1f65c844823d7180bfa50a8da5697a25",
    "cursor/injection-defense": "27f343f53131735f508fd7689e5c0de7c5300b4ff885a9278228fd64e2bfc4d6",
    "cursor/java-security": "fcc84f8478583730601baa0520fce16596b8d0f0b023f65143b2ce4a624e7802",
    "cursor/memory-discipline": "6389ed53af2d0aa79a5b97382f87966d2af2f4aaa09a8281d076dd5d4e36c814",
    "cursor/no-a11y-regression": "d80bf1cd92466089abe9a19e49d75adb0d4d77197d95561b292c3c9d14dc2481",
    "cursor/pin-github-actions": "c8e9e2554d0e977107f11cfe89e7074d05cc14d9419520270846de39dfe74797",
    "cursor/protect-agent-config": "21cd690c1cbbb61f44804bde41a381eb58a31f7655636bc3a33980a807090ac6",
    "cursor/protect-ci-workflows": "f0ea7e1b0d82034cdba53043455538f68fc51d39f8bb9f8fa35818f4e5dd629f",
    "cursor/protect-commit-privacy": "9ba348532c981a665653a19998e9e835bacc2e3aaa4fb1d677602691dfb4c573",
    "cursor/protect-main-branch": "2d01ed8cf4ec68e8d500285cb9e4a4ec37f0e40c27eabeb64c0911c1c1f06ade",
    "cursor/rtk-dangerous-actions-blocker": "f60e618fbf2daf5016d0942c66296ef3fa1aac4152c23403698c95c3920c0de1",
    "cursor/scan-secrets": "924358f14e9e0d91c3a25a4f83e3b1436612f2f9f8bd884b2d923af87d906ad5",
    "cursor/token-efficiency": "9102f17881e715f097a37f173e2b02106263f2d248ba83dea078c0a9189a8dc9",
    "cursor/verify-dependency-exists": "55379875d7b42835e0bca77ff0a6b61d06043a8471f7bf27f7ae46dfca150a8c",
    "cursor/verify-mcp-allowlist": "f5af710fcf8628aa24fd6e652d4fea7e4c2dd9b4c7d9dfd37a849937026edca0",
    "docs/assets": "09315ff44b55bec05f304380b0491ebda5fe9c15affbb1fdc0a6e9ad2ab9308d"
  }
}
